// !$*UTF8*$!
{
	archiveVersion = 1;
	classes = {
	};
	objectVersion = 46;
	objects = {

/* Begin PBXBuildFile section */
		53141EFF1D225FB2000AA89C /* TextFieldUtil.swift in Sources */ = {isa = PBXBuildFile; fileRef = 53141EFE1D225FB2000AA89C /* TextFieldUtil.swift */; };
		53141F031D226877000AA89C /* Extensions.swift in Sources */ = {isa = PBXBuildFile; fileRef = 53141F021D226877000AA89C /* Extensions.swift */; };
		538038281D1632C4005B4479 /* SettingViewController.swift in Sources */ = {isa = PBXBuildFile; fileRef = 538038271D1632C4005B4479 /* SettingViewController.swift */; };
		53B1B3561D11854C00451FA1 /* AppDelegate.swift in Sources */ = {isa = PBXBuildFile; fileRef = 53B1B3551D11854C00451FA1 /* AppDelegate.swift */; };
		53B1B3581D11854C00451FA1 /* TipsViewController.swift in Sources */ = {isa = PBXBuildFile; fileRef = 53B1B3571D11854C00451FA1 /* TipsViewController.swift */; };
		53B1B35B1D11854C00451FA1 /* Main.storyboard in Resources */ = {isa = PBXBuildFile; fileRef = 53B1B3591D11854C00451FA1 /* Main.storyboard */; };
		53B1B35D1D11854C00451FA1 /* Assets.xcassets in Resources */ = {isa = PBXBuildFile; fileRef = 53B1B35C1D11854C00451FA1 /* Assets.xcassets */; };
		53B1B3601D11854C00451FA1 /* LaunchScreen.storyboard in Resources */ = {isa = PBXBuildFile; fileRef = 53B1B35E1D11854C00451FA1 /* LaunchScreen.storyboard */; };
		53B1B36B1D11854D00451FA1 /* tipsTests.swift in Sources */ = {isa = PBXBuildFile; fileRef = 53B1B36A1D11854D00451FA1 /* tipsTests.swift */; };
		53B1B3761D11854D00451FA1 /* tipsUITests.swift in Sources */ = {isa = PBXBuildFile; fileRef = 53B1B3751D11854D00451FA1 /* tipsUITests.swift */; };
		53BB92E21DA1F4EA00CA4707 /* TipState.swift in Sources */ = {isa = PBXBuildFile; fileRef = 53BB92E11DA1F4EA00CA4707 /* TipState.swift */; };
		53E6E3021D949E8E00BA977A /* SettingSection.swift in Sources */ = {isa = PBXBuildFile; fileRef = 53E6E3011D949E8E00BA977A /* SettingSection.swift */; };
		53FFD78A1D8E433F00666322 /* AppearanceSettingCell.xib in Resources */ = {isa = PBXBuildFile; fileRef = 53FFD7891D8E433F00666322 /* AppearanceSettingCell.xib */; };
		53FFD78C1D8E471700666322 /* PercentageSettingCell.xib in Resources */ = {isa = PBXBuildFile; fileRef = 53FFD78B1D8E471700666322 /* PercentageSettingCell.xib */; };
		53FFD7931D8E4E7600666322 /* AppearanceSettingCellView.swift in Sources */ = {isa = PBXBuildFile; fileRef = 53FFD7921D8E4E7600666322 /* AppearanceSettingCellView.swift */; };
		53FFD7951D8E4ED200666322 /* PercentageSettingCellView.swift in Sources */ = {isa = PBXBuildFile; fileRef = 53FFD7941D8E4ED200666322 /* PercentageSettingCellView.swift */; };
/* End PBXBuildFile section */

/* Begin PBXContainerItemProxy section */
		53B1B3671D11854D00451FA1 /* PBXContainerItemProxy */ = {
			isa = PBXContainerItemProxy;
			containerPortal = 53B1B34A1D11854C00451FA1 /* Project object */;
			proxyType = 1;
			remoteGlobalIDString = 53B1B3511D11854C00451FA1;
			remoteInfo = tips;
		};
		53B1B3721D11854D00451FA1 /* PBXContainerItemProxy */ = {
			isa = PBXContainerItemProxy;
			containerPortal = 53B1B34A1D11854C00451FA1 /* Project object */;
			proxyType = 1;
			remoteGlobalIDString = 53B1B3511D11854C00451FA1;
			remoteInfo = tips;
		};
/* End PBXContainerItemProxy section */

/* Begin PBXFileReference section */
		53141EFE1D225FB2000AA89C /* TextFieldUtil.swift */ = {isa = PBXFileReference; fileEncoding = 4; lastKnownFileType = sourcecode.swift; path = TextFieldUtil.swift; sourceTree = "<group>"; };
		53141F021D226877000AA89C /* Extensions.swift */ = {isa = PBXFileReference; fileEncoding = 4; lastKnownFileType = sourcecode.swift; path = Extensions.swift; sourceTree = "<group>"; };
		538038271D1632C4005B4479 /* SettingViewController.swift */ = {isa = PBXFileReference; fileEncoding = 4; lastKnownFileType = sourcecode.swift; path = SettingViewController.swift; sourceTree = "<group>"; };
		53B1B3521D11854C00451FA1 /* tips.app */ = {isa = PBXFileReference; explicitFileType = wrapper.application; includeInIndex = 0; path = tips.app; sourceTree = BUILT_PRODUCTS_DIR; };
		53B1B3551D11854C00451FA1 /* AppDelegate.swift */ = {isa = PBXFileReference; lastKnownFileType = sourcecode.swift; path = AppDelegate.swift; sourceTree = "<group>"; };
		53B1B3571D11854C00451FA1 /* TipsViewController.swift */ = {isa = PBXFileReference; lastKnownFileType = sourcecode.swift; path = TipsViewController.swift; sourceTree = "<group>"; usesTabs = 0; };
		53B1B35A1D11854C00451FA1 /* Base */ = {isa = PBXFileReference; lastKnownFileType = file.storyboard; name = Base; path = Base.lproj/Main.storyboard; sourceTree = "<group>"; };
		53B1B35C1D11854C00451FA1 /* Assets.xcassets */ = {isa = PBXFileReference; lastKnownFileType = folder.assetcatalog; path = Assets.xcassets; sourceTree = "<group>"; };
		53B1B35F1D11854C00451FA1 /* Base */ = {isa = PBXFileReference; lastKnownFileType = file.storyboard; name = Base; path = Base.lproj/LaunchScreen.storyboard; sourceTree = "<group>"; };
		53B1B3611D11854D00451FA1 /* Info.plist */ = {isa = PBXFileReference; lastKnownFileType = text.plist.xml; path = Info.plist; sourceTree = "<group>"; };
		53B1B3661D11854D00451FA1 /* tipsTests.xctest */ = {isa = PBXFileReference; explicitFileType = wrapper.cfbundle; includeInIndex = 0; path = tipsTests.xctest; sourceTree = BUILT_PRODUCTS_DIR; };
		53B1B36A1D11854D00451FA1 /* tipsTests.swift */ = {isa = PBXFileReference; lastKnownFileType = sourcecode.swift; path = tipsTests.swift; sourceTree = "<group>"; };
		53B1B36C1D11854D00451FA1 /* Info.plist */ = {isa = PBXFileReference; lastKnownFileType = text.plist.xml; path = Info.plist; sourceTree = "<group>"; };
		53B1B3711D11854D00451FA1 /* tipsUITests.xctest */ = {isa = PBXFileReference; explicitFileType = wrapper.cfbundle; includeInIndex = 0; path = tipsUITests.xctest; sourceTree = BUILT_PRODUCTS_DIR; };
		53B1B3751D11854D00451FA1 /* tipsUITests.swift */ = {isa = PBXFileReference; lastKnownFileType = sourcecode.swift; path = tipsUITests.swift; sourceTree = "<group>"; };
		53B1B3771D11854D00451FA1 /* Info.plist */ = {isa = PBXFileReference; lastKnownFileType = text.plist.xml; path = Info.plist; sourceTree = "<group>"; };
		53BB92E11DA1F4EA00CA4707 /* TipState.swift */ = {isa = PBXFileReference; fileEncoding = 4; lastKnownFileType = sourcecode.swift; path = TipState.swift; sourceTree = "<group>"; };
		53E6E3011D949E8E00BA977A /* SettingSection.swift */ = {isa = PBXFileReference; fileEncoding = 4; lastKnownFileType = sourcecode.swift; path = SettingSection.swift; sourceTree = "<group>"; };
		53FFD7891D8E433F00666322 /* AppearanceSettingCell.xib */ = {isa = PBXFileReference; fileEncoding = 4; lastKnownFileType = file.xib; path = AppearanceSettingCell.xib; sourceTree = "<group>"; };
		53FFD78B1D8E471700666322 /* PercentageSettingCell.xib */ = {isa = PBXFileReference; fileEncoding = 4; lastKnownFileType = file.xib; path = PercentageSettingCell.xib; sourceTree = "<group>"; };
		53FFD7921D8E4E7600666322 /* AppearanceSettingCellView.swift */ = {isa = PBXFileReference; fileEncoding = 4; lastKnownFileType = sourcecode.swift; path = AppearanceSettingCellView.swift; sourceTree = "<group>"; };
		53FFD7941D8E4ED200666322 /* PercentageSettingCellView.swift */ = {isa = PBXFileReference; fileEncoding = 4; lastKnownFileType = sourcecode.swift; path = PercentageSettingCellView.swift; sourceTree = "<group>"; };
/* End PBXFileReference section */

/* Begin PBXFrameworksBuildPhase section */
		53B1B34F1D11854C00451FA1 /* Frameworks */ = {
			isa = PBXFrameworksBuildPhase;
			buildActionMask = 2147483647;
			files = (
			);
			runOnlyForDeploymentPostprocessing = 0;
		};
		53B1B3631D11854D00451FA1 /* Frameworks */ = {
			isa = PBXFrameworksBuildPhase;
			buildActionMask = 2147483647;
			files = (
			);
			runOnlyForDeploymentPostprocessing = 0;
		};
		53B1B36E1D11854D00451FA1 /* Frameworks */ = {
			isa = PBXFrameworksBuildPhase;
			buildActionMask = 2147483647;
			files = (
			);
			runOnlyForDeploymentPostprocessing = 0;
		};
/* End PBXFrameworksBuildPhase section */

/* Begin PBXGroup section */
		53141EFD1D225F9A000AA89C /* UtilsAndExtension */ = {
			isa = PBXGroup;
			children = (
				53141EFE1D225FB2000AA89C /* TextFieldUtil.swift */,
				53141F021D226877000AA89C /* Extensions.swift */,
			);
			name = UtilsAndExtension;
			sourceTree = "<group>";
		};
		53B1B3491D11854C00451FA1 = {
			isa = PBXGroup;
			children = (
				53B1B3541D11854C00451FA1 /* tips */,
				53B1B3691D11854D00451FA1 /* tipsTests */,
				53B1B3741D11854D00451FA1 /* tipsUITests */,
				53B1B3531D11854C00451FA1 /* Products */,
			);
			sourceTree = "<group>";
		};
		53B1B3531D11854C00451FA1 /* Products */ = {
			isa = PBXGroup;
			children = (
				53B1B3521D11854C00451FA1 /* tips.app */,
				53B1B3661D11854D00451FA1 /* tipsTests.xctest */,
				53B1B3711D11854D00451FA1 /* tipsUITests.xctest */,
			);
			name = Products;
			sourceTree = "<group>";
		};
		53B1B3541D11854C00451FA1 /* tips */ = {
			isa = PBXGroup;
			children = (
				53C6DB401D97FCEA009930BE /* ViewControllers */,
				53E6E3001D949E6A00BA977A /* Models */,
				53FFD78D1D8E48D400666322 /* Views */,
				53FFD7881D8E42AA00666322 /* XIBs */,
				53141EFD1D225F9A000AA89C /* UtilsAndExtension */,
				53B1B3551D11854C00451FA1 /* AppDelegate.swift */,
				53B1B3591D11854C00451FA1 /* Main.storyboard */,
				53B1B35C1D11854C00451FA1 /* Assets.xcassets */,
				53B1B35E1D11854C00451FA1 /* LaunchScreen.storyboard */,
				53B1B3611D11854D00451FA1 /* Info.plist */,
			);
			path = tips;
			sourceTree = "<group>";
		};
		53B1B3691D11854D00451FA1 /* tipsTests */ = {
			isa = PBXGroup;
			children = (
				53B1B36A1D11854D00451FA1 /* tipsTests.swift */,
				53B1B36C1D11854D00451FA1 /* Info.plist */,
			);
			path = tipsTests;
			sourceTree = "<group>";
		};
		53B1B3741D11854D00451FA1 /* tipsUITests */ = {
			isa = PBXGroup;
			children = (
				53B1B3751D11854D00451FA1 /* tipsUITests.swift */,
				53B1B3771D11854D00451FA1 /* Info.plist */,
			);
			path = tipsUITests;
			sourceTree = "<group>";
		};
		53C6DB401D97FCEA009930BE /* ViewControllers */ = {
			isa = PBXGroup;
			children = (
				538038271D1632C4005B4479 /* SettingViewController.swift */,
				53B1B3571D11854C00451FA1 /* TipsViewController.swift */,
			);
			name = ViewControllers;
			sourceTree = "<group>";
		};
		53E6E3001D949E6A00BA977A /* Models */ = {
			isa = PBXGroup;
			children = (
				53E6E3011D949E8E00BA977A /* SettingSection.swift */,
				53BB92E11DA1F4EA00CA4707 /* TipState.swift */,
			);
			name = Models;
			sourceTree = "<group>";
		};
		53FFD7881D8E42AA00666322 /* XIBs */ = {
			isa = PBXGroup;
			children = (
				53FFD7891D8E433F00666322 /* AppearanceSettingCell.xib */,
				53FFD78B1D8E471700666322 /* PercentageSettingCell.xib */,
			);
			name = XIBs;
			sourceTree = "<group>";
		};
		53FFD78D1D8E48D400666322 /* Views */ = {
			isa = PBXGroup;
			children = (
				53FFD7921D8E4E7600666322 /* AppearanceSettingCellView.swift */,
				53FFD7941D8E4ED200666322 /* PercentageSettingCellView.swift */,
			);
			name = Views;
			sourceTree = "<group>";
		};
/* End PBXGroup section */

/* Begin PBXNativeTarget section */
		53B1B3511D11854C00451FA1 /* tips */ = {
			isa = PBXNativeTarget;
			buildConfigurationList = 53B1B37A1D11854D00451FA1 /* Build configuration list for PBXNativeTarget "tips" */;
			buildPhases = (
				53B1B34E1D11854C00451FA1 /* Sources */,
				53B1B34F1D11854C00451FA1 /* Frameworks */,
				53B1B3501D11854C00451FA1 /* Resources */,
			);
			buildRules = (
			);
			dependencies = (
			);
			name = tips;
			productName = tips;
			productReference = 53B1B3521D11854C00451FA1 /* tips.app */;
			productType = "com.apple.product-type.application";
		};
		53B1B3651D11854D00451FA1 /* tipsTests */ = {
			isa = PBXNativeTarget;
			buildConfigurationList = 53B1B37D1D11854D00451FA1 /* Build configuration list for PBXNativeTarget "tipsTests" */;
			buildPhases = (
				53B1B3621D11854D00451FA1 /* Sources */,
				53B1B3631D11854D00451FA1 /* Frameworks */,
				53B1B3641D11854D00451FA1 /* Resources */,
			);
			buildRules = (
			);
			dependencies = (
				53B1B3681D11854D00451FA1 /* PBXTargetDependency */,
			);
			name = tipsTests;
			productName = tipsTests;
			productReference = 53B1B3661D11854D00451FA1 /* tipsTests.xctest */;
			productType = "com.apple.product-type.bundle.unit-test";
		};
		53B1B3701D11854D00451FA1 /* tipsUITests */ = {
			isa = PBXNativeTarget;
			buildConfigurationList = 53B1B3801D11854D00451FA1 /* Build configuration list for PBXNativeTarget "tipsUITests" */;
			buildPhases = (
				53B1B36D1D11854D00451FA1 /* Sources */,
				53B1B36E1D11854D00451FA1 /* Frameworks */,
				53B1B36F1D11854D00451FA1 /* Resources */,
			);
			buildRules = (
			);
			dependencies = (
				53B1B3731D11854D00451FA1 /* PBXTargetDependency */,
			);
			name = tipsUITests;
			productName = tipsUITests;
			productReference = 53B1B3711D11854D00451FA1 /* tipsUITests.xctest */;
			productType = "com.apple.product-type.bundle.ui-testing";
		};
/* End PBXNativeTarget section */

/* Begin PBXProject section */
		53B1B34A1D11854C00451FA1 /* Project object */ = {
			isa = PBXProject;
			attributes = {
				LastSwiftUpdateCheck = 0730;
				LastUpgradeCheck = 0730;
				ORGANIZATIONNAME = "Duc Dinh";
				TargetAttributes = {
					53B1B3511D11854C00451FA1 = {
						CreatedOnToolsVersion = 7.3.1;
					};
					53B1B3651D11854D00451FA1 = {
						CreatedOnToolsVersion = 7.3.1;
						TestTargetID = 53B1B3511D11854C00451FA1;
					};
					53B1B3701D11854D00451FA1 = {
						CreatedOnToolsVersion = 7.3.1;
						TestTargetID = 53B1B3511D11854C00451FA1;
					};
				};
			};
			buildConfigurationList = 53B1B34D1D11854C00451FA1 /* Build configuration list for PBXProject "tips" */;
			compatibilityVersion = "Xcode 3.2";
			developmentRegion = English;
			hasScannedForEncodings = 0;
			knownRegions = (
				en,
				Base,
			);
			mainGroup = 53B1B3491D11854C00451FA1;
			productRefGroup = 53B1B3531D11854C00451FA1 /* Products */;
			projectDirPath = "";
			projectRoot = "";
			targets = (
				53B1B3511D11854C00451FA1 /* tips */,
				53B1B3651D11854D00451FA1 /* tipsTests */,
				53B1B3701D11854D00451FA1 /* tipsUITests */,
			);
		};
/* End PBXProject section */

/* Begin PBXResourcesBuildPhase section */
		53B1B3501D11854C00451FA1 /* Resources */ = {
			isa = PBXResourcesBuildPhase;
			buildActionMask = 2147483647;
			files = (
				53B1B3601D11854C00451FA1 /* LaunchScreen.storyboard in Resources */,
				53B1B35D1D11854C00451FA1 /* Assets.xcassets in Resources */,
				53FFD78A1D8E433F00666322 /* AppearanceSettingCell.xib in Resources */,
				53FFD78C1D8E471700666322 /* PercentageSettingCell.xib in Resources */,
				53B1B35B1D11854C00451FA1 /* Main.storyboard in Resources */,
			);
			runOnlyForDeploymentPostprocessing = 0;
		};
		53B1B3641D11854D00451FA1 /* Resources */ = {
			isa = PBXResourcesBuildPhase;
			buildActionMask = 2147483647;
			files = (
			);
			runOnlyForDeploymentPostprocessing = 0;
		};
		53B1B36F1D11854D00451FA1 /* Resources */ = {
			isa = PBXResourcesBuildPhase;
			buildActionMask = 2147483647;
			files = (
			);
			runOnlyForDeploymentPostprocessing = 0;
		};
/* End PBXResourcesBuildPhase section */

/* Begin PBXSourcesBuildPhase section */
		53B1B34E1D11854C00451FA1 /* Sources */ = {
			isa = PBXSourcesBuildPhase;
			buildActionMask = 2147483647;
			files = (
				538038281D1632C4005B4479 /* SettingViewController.swift in Sources */,
				53FFD7951D8E4ED200666322 /* PercentageSettingCellView.swift in Sources */,
				53141F031D226877000AA89C /* Extensions.swift in Sources */,
				53B1B3581D11854C00451FA1 /* TipsViewController.swift in Sources */,
				53141EFF1D225FB2000AA89C /* TextFieldUtil.swift in Sources */,
				53E6E3021D949E8E00BA977A /* SettingSection.swift in Sources */,
				53B1B3561D11854C00451FA1 /* AppDelegate.swift in Sources */,
				53FFD7931D8E4E7600666322 /* AppearanceSettingCellView.swift in Sources */,
				53BB92E21DA1F4EA00CA4707 /* TipState.swift in Sources */,
			);
			runOnlyForDeploymentPostprocessing = 0;
		};
		53B1B3621D11854D00451FA1 /* Sources */ = {
			isa = PBXSourcesBuildPhase;
			buildActionMask = 2147483647;
			files = (
				53B1B36B1D11854D00451FA1 /* tipsTests.swift in Sources */,
			);
			runOnlyForDeploymentPostprocessing = 0;
		};
		53B1B36D1D11854D00451FA1 /* Sources */ = {
			isa = PBXSourcesBuildPhase;
			buildActionMask = 2147483647;
			files = (
				53B1B3761D11854D00451FA1 /* tipsUITests.swift in Sources */,
			);
			runOnlyForDeploymentPostprocessing = 0;
		};
/* End PBXSourcesBuildPhase section */

/* Begin PBXTargetDependency section */
		53B1B3681D11854D00451FA1 /* PBXTargetDependency */ = {
			isa = PBXTargetDependency;
			target = 53B1B3511D11854C00451FA1 /* tips */;
			targetProxy = 53B1B3671D11854D00451FA1 /* PBXContainerItemProxy */;
		};
		53B1B3731D11854D00451FA1 /* PBXTargetDependency */ = {
			isa = PBXTargetDependency;
			target = 53B1B3511D11854C00451FA1 /* tips */;
			targetProxy = 53B1B3721D11854D00451FA1 /* PBXContainerItemProxy */;
		};
/* End PBXTargetDependency section */

/* Begin PBXVariantGroup section */
		53B1B3591D11854C00451FA1 /* Main.storyboard */ = {
			isa = PBXVariantGroup;
			children = (
				53B1B35A1D11854C00451FA1 /* Base */,
			);
			name = Main.storyboard;
			sourceTree = "<group>";
		};
		53B1B35E1D11854C00451FA1 /* LaunchScreen.storyboard */ = {
			isa = PBXVariantGroup;
			children = (
				53B1B35F1D11854C00451FA1 /* Base */,
			);
			name = LaunchScreen.storyboard;
			sourceTree = "<group>";
		};
/* End PBXVariantGroup section */

/* Begin XCBuildConfiguration section */
		53B1B3781D11854D00451FA1 /* Debug */ = {
			isa = XCBuildConfiguration;
			buildSettings = {
				ALWAYS_SEARCH_USER_PATHS = NO;
				CLANG_ANALYZER_NONNULL = YES;
				CLANG_CXX_LANGUAGE_STANDARD = "gnu++0x";
				CLANG_CXX_LIBRARY = "libc++";
				CLANG_ENABLE_MODULES = YES;
				CLANG_ENABLE_OBJC_ARC = YES;
				CLANG_WARN_BOOL_CONVERSION = YES;
				CLANG_WARN_CONSTANT_CONVERSION = YES;
				CLANG_WARN_DIRECT_OBJC_ISA_USAGE = YES_ERROR;
				CLANG_WARN_EMPTY_BODY = YES;
				CLANG_WARN_ENUM_CONVERSION = YES;
				CLANG_WARN_INT_CONVERSION = YES;
				CLANG_WARN_OBJC_ROOT_CLASS = YES_ERROR;
				CLANG_WARN_UNREACHABLE_CODE = YES;
				CLANG_WARN__DUPLICATE_METHOD_MATCH = YES;
				"CODE_SIGN_IDENTITY[sdk=iphoneos*]" = "iPhone Developer";
				COPY_PHASE_STRIP = NO;
				DEBUG_INFORMATION_FORMAT = dwarf;
				ENABLE_STRICT_OBJC_MSGSEND = YES;
				ENABLE_TESTABILITY = YES;
				GCC_C_LANGUAGE_STANDARD = gnu99;
				GCC_DYNAMIC_NO_PIC = NO;
				GCC_NO_COMMON_BLOCKS = YES;
				GCC_OPTIMIZATION_LEVEL = 0;
				GCC_PREPROCESSOR_DEFINITIONS = (
					"DEBUG=1",
					"$(inherited)",
				);
				GCC_WARN_64_TO_32_BIT_CONVERSION = YES;
				GCC_WARN_ABOUT_RETURN_TYPE = YES_ERROR;
				GCC_WARN_UNDECLARED_SELECTOR = YES;
				GCC_WARN_UNINITIALIZED_AUTOS = YES_AGGRESSIVE;
				GCC_WARN_UNUSED_FUNCTION = YES;
				GCC_WARN_UNUSED_VARIABLE = YES;
				IPHONEOS_DEPLOYMENT_TARGET = 9.3;
				MTL_ENABLE_DEBUG_INFO = YES;
				ONLY_ACTIVE_ARCH = YES;
				SDKROOT = iphoneos;
				SWIFT_OPTIMIZATION_LEVEL = "-Onone";
			};
			name = Debug;
		};
		53B1B3791D11854D00451FA1 /* Release */ = {
			isa = XCBuildConfiguration;
			buildSettings = {
				ALWAYS_SEARCH_USER_PATHS = NO;
				CLANG_ANALYZER_NONNULL = YES;
				CLANG_CXX_LANGUAGE_STANDARD = "gnu++0x";
				CLANG_CXX_LIBRARY = "libc++";
				CLANG_ENABLE_MODULES = YES;
				CLANG_ENABLE_OBJC_ARC = YES;
				CLANG_WARN_BOOL_CONVERSION = YES;
				CLANG_WARN_CONSTANT_CONVERSION = YES;
				CLANG_WARN_DIRECT_OBJC_ISA_USAGE = YES_ERROR;
				CLANG_WARN_EMPTY_BODY = YES;
				CLANG_WARN_ENUM_CONVERSION = YES;
				CLANG_WARN_INT_CONVERSION = YES;
				CLANG_WARN_OBJC_ROOT_CLASS = YES_ERROR;
				CLANG_WARN_UNREACHABLE_CODE = YES;
				CLANG_WARN__DUPLICATE_METHOD_MATCH = YES;
				"CODE_SIGN_IDENTITY[sdk=iphoneos*]" = "iPhone Developer";
				COPY_PHASE_STRIP = NO;
				DEBUG_INFORMATION_FORMAT = "dwarf-with-dsym";
				ENABLE_NS_ASSERTIONS = NO;
				ENABLE_STRICT_OBJC_MSGSEND = YES;
				GCC_C_LANGUAGE_STANDARD = gnu99;
				GCC_NO_COMMON_BLOCKS = YES;
				GCC_WARN_64_TO_32_BIT_CONVERSION = YES;
				GCC_WARN_ABOUT_RETURN_TYPE = YES_ERROR;
				GCC_WARN_UNDECLARED_SELECTOR = YES;
				GCC_WARN_UNINITIALIZED_AUTOS = YES_AGGRESSIVE;
				GCC_WARN_UNUSED_FUNCTION = YES;
				GCC_WARN_UNUSED_VARIABLE = YES;
				IPHONEOS_DEPLOYMENT_TARGET = 9.3;
				MTL_ENABLE_DEBUG_INFO = NO;
				SDKROOT = iphoneos;
				VALIDATE_PRODUCT = YES;
			};
			name = Release;
		};
		53B1B37B1D11854D00451FA1 /* Debug */ = {
			isa = XCBuildConfiguration;
			buildSettings = {
				ASSETCATALOG_COMPILER_APPICON_NAME = AppIcon;
				CODE_SIGN_IDENTITY = "iPhone Developer";
				INFOPLIST_FILE = tips/Info.plist;
				LD_RUNPATH_SEARCH_PATHS = "$(inherited) @executable_path/Frameworks";
				PRODUCT_BUNDLE_IDENTIFIER = minhduccm.github.io.tips;
				PRODUCT_NAME = "$(TARGET_NAME)";
			};
			name = Debug;
		};
		53B1B37C1D11854D00451FA1 /* Release */ = {
			isa = XCBuildConfiguration;
			buildSettings = {
				ASSETCATALOG_COMPILER_APPICON_NAME = AppIcon;
				CODE_SIGN_IDENTITY = "iPhone Developer";
				INFOPLIST_FILE = tips/Info.plist;
				LD_RUNPATH_SEARCH_PATHS = "$(inherited) @executable_path/Frameworks";
				PRODUCT_BUNDLE_IDENTIFIER = minhduccm.github.io.tips;
				PRODUCT_NAME = "$(TARGET_NAME)";
			};
			name = Release;
		};
		53B1B37E1D11854D00451FA1 /* Debug */ = {
			isa = XCBuildConfiguration;
			buildSettings = {
				BUNDLE_LOADER = "$(TEST_HOST)";
				INFOPLIST_FILE = tipsTests/Info.plist;
				LD_RUNPATH_SEARCH_PATHS = "$(inherited) @executable_path/Frameworks @loader_path/Frameworks";
				PRODUCT_BUNDLE_IDENTIFIER = minhduccm.github.io.tipsTests;
				PRODUCT_NAME = "$(TARGET_NAME)";
				TEST_HOST = "$(BUILT_PRODUCTS_DIR)/tips.app/tips";
			};
			name = Debug;
		};
		53B1B37F1D11854D00451FA1 /* Release */ = {
			isa = XCBuildConfiguration;
			buildSettings = {
				BUNDLE_LOADER = "$(TEST_HOST)";
				INFOPLIST_FILE = tipsTests/Info.plist;
				LD_RUNPATH_SEARCH_PATHS = "$(inherited) @executable_path/Frameworks @loader_path/Frameworks";
				PRODUCT_BUNDLE_IDENTIFIER = minhduccm.github.io.tipsTests;
				PRODUCT_NAME = "$(TARGET_NAME)";
				TEST_HOST = "$(BUILT_PRODUCTS_DIR)/tips.app/tips";
			};
			name = Release;
		};
		53B1B3811D11854D00451FA1 /* Debug */ = {
			isa = XCBuildConfiguration;
			buildSettings = {
				INFOPLIST_FILE = tipsUITests/Info.plist;
				LD_RUNPATH_SEARCH_PATHS = "$(inherited) @executable_path/Frameworks @loader_path/Frameworks";
				PRODUCT_BUNDLE_IDENTIFIER = minhduccm.github.io.tipsUITests;
				PRODUCT_NAME = "$(TARGET_NAME)";
				TEST_TARGET_NAME = tips;
			};
			name = Debug;
		};
		53B1B3821D11854D00451FA1 /* Release */ = {
			isa = XCBuildConfiguration;
			buildSettings = {
				INFOPLIST_FILE = tipsUITests/Info.plist;
				LD_RUNPATH_SEARCH_PATHS = "$(inherited) @executable_path/Frameworks @loader_path/Frameworks";
				PRODUCT_BUNDLE_IDENTIFIER = minhduccm.github.io.tipsUITests;
				PRODUCT_NAME = "$(TARGET_NAME)";
				TEST_TARGET_NAME = tips;
			};
			name = Release;
		};
/* End XCBuildConfiguration section */

/* Begin XCConfigurationList section */
		53B1B34D1D11854C00451FA1 /* Build configuration list for PBXProject "tips" */ = {
			isa = XCConfigurationList;
			buildConfigurations = (
				53B1B3781D11854D00451FA1 /* Debug */,
				53B1B3791D11854D00451FA1 /* Release */,
			);
			defaultConfigurationIsVisible = 0;
			defaultConfigurationName = Release;
		};
		53B1B37A1D11854D00451FA1 /* Build configuration list for PBXNativeTarget "tips" */ = {
			isa = XCConfigurationList;
			buildConfigurations = (
				53B1B37B1D11854D00451FA1 /* Debug */,
				53B1B37C1D11854D00451FA1 /* Release */,
			);
			defaultConfigurationIsVisible = 0;
			defaultConfigurationName = Release;
		};
		53B1B37D1D11854D00451FA1 /* Build configuration list for PBXNativeTarget "tipsTests" */ = {
			isa = XCConfigurationList;
			buildConfigurations = (
				53B1B37E1D11854D00451FA1 /* Debug */,
				53B1B37F1D11854D00451FA1 /* Release */,
			);
			defaultConfigurationIsVisible = 0;
			defaultConfigurationName = Release;
		};
		53B1B3801D11854D00451FA1 /* Build configuration list for PBXNativeTarget "tipsUITests" */ = {
			isa = XCConfigurationList;
			buildConfigurations = (
				53B1B3811D11854D00451FA1 /* Debug */,
				53B1B3821D11854D00451FA1 /* Release */,
			);
			defaultConfigurationIsVisible = 0;
			defaultConfigurationName = Release;
		};
/* End XCConfigurationList section */
	};
	rootObject = 53B1B34A1D11854C00451FA1 /* Project object */;
}
